// !$*UTF8*$!
{
	archiveVersion = 1;
	classes = {
	};
	objectVersion = 55;
	objects = {

/* Begin PBXBuildFile section */
		A263DC95D41A66D90BD9C778 /* Pods_Flix.framework in Frameworks */ = {isa = PBXBuildFile; fileRef = 4EB7BD31322D137D21528AA2 /* Pods_Flix.framework */; };
		A3B1D41856C9BDF5FA4453CD /* Pods_Flix_FlixUITests.framework in Frameworks */ = {isa = PBXBuildFile; fileRef = F0C8E2A501FCC91F354B935C /* Pods_Flix_FlixUITests.framework */; };
		BE14CA0227C0970D0008B5EA /* AppDelegate.swift in Sources */ = {isa = PBXBuildFile; fileRef = BE14CA0127C0970D0008B5EA /* AppDelegate.swift */; };
		BE14CA0427C0970D0008B5EA /* SceneDelegate.swift in Sources */ = {isa = PBXBuildFile; fileRef = BE14CA0327C0970D0008B5EA /* SceneDelegate.swift */; };
		BE14CA0927C0970D0008B5EA /* Main.storyboard in Resources */ = {isa = PBXBuildFile; fileRef = BE14CA0727C0970D0008B5EA /* Main.storyboard */; };
		BE14CA0B27C0970E0008B5EA /* Assets.xcassets in Resources */ = {isa = PBXBuildFile; fileRef = BE14CA0A27C0970E0008B5EA /* Assets.xcassets */; };
		BE14CA0E27C0970E0008B5EA /* LaunchScreen.storyboard in Resources */ = {isa = PBXBuildFile; fileRef = BE14CA0C27C0970E0008B5EA /* LaunchScreen.storyboard */; };
		BE14CA1927C0970E0008B5EA /* FlixTests.swift in Sources */ = {isa = PBXBuildFile; fileRef = BE14CA1827C0970E0008B5EA /* FlixTests.swift */; };
		BE14CA2327C0970E0008B5EA /* FlixUITests.swift in Sources */ = {isa = PBXBuildFile; fileRef = BE14CA2227C0970E0008B5EA /* FlixUITests.swift */; };
		BE14CA2527C0970E0008B5EA /* FlixUITestsLaunchTests.swift in Sources */ = {isa = PBXBuildFile; fileRef = BE14CA2427C0970E0008B5EA /* FlixUITestsLaunchTests.swift */; };
		BE14CA3427C0989D0008B5EA /* MoviesViewController.swift in Sources */ = {isa = PBXBuildFile; fileRef = BE14CA3327C0989D0008B5EA /* MoviesViewController.swift */; };
		BE14CA3627C0A0A00008B5EA /* MovieCell.swift in Sources */ = {isa = PBXBuildFile; fileRef = BE14CA3527C0A0A00008B5EA /* MovieCell.swift */; };
		BE14CA3927C0A4110008B5EA /* Alamofire in Frameworks */ = {isa = PBXBuildFile; productRef = BE14CA3827C0A4110008B5EA /* Alamofire */; };
		EFC93C6BABCC5EB5C2D1429A /* Pods_FlixTests.framework in Frameworks */ = {isa = PBXBuildFile; fileRef = BCFB50814689AA5168E9EF99 /* Pods_FlixTests.framework */; };
/* End PBXBuildFile section */

/* Begin PBXContainerItemProxy section */
		BE14CA1527C0970E0008B5EA /* PBXContainerItemProxy */ = {
			isa = PBXContainerItemProxy;
			containerPortal = BE14C9F627C0970D0008B5EA /* Project object */;
			proxyType = 1;
			remoteGlobalIDString = BE14C9FD27C0970D0008B5EA;
			remoteInfo = Flix;
		};
		BE14CA1F27C0970E0008B5EA /* PBXContainerItemProxy */ = {
			isa = PBXContainerItemProxy;
			containerPortal = BE14C9F627C0970D0008B5EA /* Project object */;
			proxyType = 1;
			remoteGlobalIDString = BE14C9FD27C0970D0008B5EA;
			remoteInfo = Flix;
		};
/* End PBXContainerItemProxy section */

/* Begin PBXFileReference section */
		00541F67FDAC5F546B041856 /* Pods-Flix-FlixUITests.release.xcconfig */ = {isa = PBXFileReference; includeInIndex = 1; lastKnownFileType = text.xcconfig; name = "Pods-Flix-FlixUITests.release.xcconfig"; path = "Target Support Files/Pods-Flix-FlixUITests/Pods-Flix-FlixUITests.release.xcconfig"; sourceTree = "<group>"; };
		4EB7BD31322D137D21528AA2 /* Pods_Flix.framework */ = {isa = PBXFileReference; explicitFileType = wrapper.framework; includeInIndex = 0; path = Pods_Flix.framework; sourceTree = BUILT_PRODUCTS_DIR; };
		727BEBB519AB6DA06E8E83DC /* Pods-Flix.debug.xcconfig */ = {isa = PBXFileReference; includeInIndex = 1; lastKnownFileType = text.xcconfig; name = "Pods-Flix.debug.xcconfig"; path = "Target Support Files/Pods-Flix/Pods-Flix.debug.xcconfig"; sourceTree = "<group>"; };
		BCFB50814689AA5168E9EF99 /* Pods_FlixTests.framework */ = {isa = PBXFileReference; explicitFileType = wrapper.framework; includeInIndex = 0; path = Pods_FlixTests.framework; sourceTree = BUILT_PRODUCTS_DIR; };
		BE14C9FE27C0970D0008B5EA /* Flix.app */ = {isa = PBXFileReference; explicitFileType = wrapper.application; includeInIndex = 0; path = Flix.app; sourceTree = BUILT_PRODUCTS_DIR; };
		BE14CA0127C0970D0008B5EA /* AppDelegate.swift */ = {isa = PBXFileReference; lastKnownFileType = sourcecode.swift; path = AppDelegate.swift; sourceTree = "<group>"; };
		BE14CA0327C0970D0008B5EA /* SceneDelegate.swift */ = {isa = PBXFileReference; lastKnownFileType = sourcecode.swift; path = SceneDelegate.swift; sourceTree = "<group>"; };
		BE14CA0827C0970D0008B5EA /* Base */ = {isa = PBXFileReference; lastKnownFileType = file.storyboard; name = Base; path = Base.lproj/Main.storyboard; sourceTree = "<group>"; };
		BE14CA0A27C0970E0008B5EA /* Assets.xcassets */ = {isa = PBXFileReference; lastKnownFileType = folder.assetcatalog; path = Assets.xcassets; sourceTree = "<group>"; };
		BE14CA0D27C0970E0008B5EA /* Base */ = {isa = PBXFileReference; lastKnownFileType = file.storyboard; name = Base; path = Base.lproj/LaunchScreen.storyboard; sourceTree = "<group>"; };
		BE14CA0F27C0970E0008B5EA /* Info.plist */ = {isa = PBXFileReference; lastKnownFileType = text.plist.xml; path = Info.plist; sourceTree = "<group>"; };
		BE14CA1427C0970E0008B5EA /* FlixTests.xctest */ = {isa = PBXFileReference; explicitFileType = wrapper.cfbundle; includeInIndex = 0; path = FlixTests.xctest; sourceTree = BUILT_PRODUCTS_DIR; };
		BE14CA1827C0970E0008B5EA /* FlixTests.swift */ = {isa = PBXFileReference; lastKnownFileType = sourcecode.swift; path = FlixTests.swift; sourceTree = "<group>"; };
		BE14CA1E27C0970E0008B5EA /* FlixUITests.xctest */ = {isa = PBXFileReference; explicitFileType = wrapper.cfbundle; includeInIndex = 0; path = FlixUITests.xctest; sourceTree = BUILT_PRODUCTS_DIR; };
		BE14CA2227C0970E0008B5EA /* FlixUITests.swift */ = {isa = PBXFileReference; lastKnownFileType = sourcecode.swift; path = FlixUITests.swift; sourceTree = "<group>"; };
		BE14CA2427C0970E0008B5EA /* FlixUITestsLaunchTests.swift */ = {isa = PBXFileReference; lastKnownFileType = sourcecode.swift; path = FlixUITestsLaunchTests.swift; sourceTree = "<group>"; };
		BE14CA3327C0989D0008B5EA /* MoviesViewController.swift */ = {isa = PBXFileReference; lastKnownFileType = sourcecode.swift; path = MoviesViewController.swift; sourceTree = "<group>"; };
		BE14CA3527C0A0A00008B5EA /* MovieCell.swift */ = {isa = PBXFileReference; lastKnownFileType = sourcecode.swift; path = MovieCell.swift; sourceTree = "<group>"; };
		D4E75B2AFA59D5987ACEB4D8 /* Pods-Flix.release.xcconfig */ = {isa = PBXFileReference; includeInIndex = 1; lastKnownFileType = text.xcconfig; name = "Pods-Flix.release.xcconfig"; path = "Target Support Files/Pods-Flix/Pods-Flix.release.xcconfig"; sourceTree = "<group>"; };
		D8055CAC0355B5DDC92DF479 /* Pods-Flix-FlixUITests.debug.xcconfig */ = {isa = PBXFileReference; includeInIndex = 1; lastKnownFileType = text.xcconfig; name = "Pods-Flix-FlixUITests.debug.xcconfig"; path = "Target Support Files/Pods-Flix-FlixUITests/Pods-Flix-FlixUITests.debug.xcconfig"; sourceTree = "<group>"; };
		DC343C4DEDE5DAA61E2BAF01 /* Pods-FlixTests.release.xcconfig */ = {isa = PBXFileReference; includeInIndex = 1; lastKnownFileType = text.xcconfig; name = "Pods-FlixTests.release.xcconfig"; path = "Target Support Files/Pods-FlixTests/Pods-FlixTests.release.xcconfig"; sourceTree = "<group>"; };
		E13DF307BE0A098440BF6898 /* Pods-FlixTests.debug.xcconfig */ = {isa = PBXFileReference; includeInIndex = 1; lastKnownFileType = text.xcconfig; name = "Pods-FlixTests.debug.xcconfig"; path = "Target Support Files/Pods-FlixTests/Pods-FlixTests.debug.xcconfig"; sourceTree = "<group>"; };
		F0C8E2A501FCC91F354B935C /* Pods_Flix_FlixUITests.framework */ = {isa = PBXFileReference; explicitFileType = wrapper.framework; includeInIndex = 0; path = Pods_Flix_FlixUITests.framework; sourceTree = BUILT_PRODUCTS_DIR; };
/* End PBXFileReference section */

/* Begin PBXFrameworksBuildPhase section */
		BE14C9FB27C0970D0008B5EA /* Frameworks */ = {
			isa = PBXFrameworksBuildPhase;
			buildActionMask = 2147483647;
			files = (
				BE14CA3927C0A4110008B5EA /* Alamofire in Frameworks */,
				A263DC95D41A66D90BD9C778 /* Pods_Flix.framework in Frameworks */,
			);
			runOnlyForDeploymentPostprocessing = 0;
		};
		BE14CA1127C0970E0008B5EA /* Frameworks */ = {
			isa = PBXFrameworksBuildPhase;
			buildActionMask = 2147483647;
			files = (
				EFC93C6BABCC5EB5C2D1429A /* Pods_FlixTests.framework in Frameworks */,
			);
			runOnlyForDeploymentPostprocessing = 0;
		};
		BE14CA1B27C0970E0008B5EA /* Frameworks */ = {
			isa = PBXFrameworksBuildPhase;
			buildActionMask = 2147483647;
			files = (
				A3B1D41856C9BDF5FA4453CD /* Pods_Flix_FlixUITests.framework in Frameworks */,
			);
			runOnlyForDeploymentPostprocessing = 0;
		};
/* End PBXFrameworksBuildPhase section */

/* Begin PBXGroup section */
		A587D688F1B1D0D0C416FCDB /* Pods */ = {
			isa = PBXGroup;
			children = (
				727BEBB519AB6DA06E8E83DC /* Pods-Flix.debug.xcconfig */,
				D4E75B2AFA59D5987ACEB4D8 /* Pods-Flix.release.xcconfig */,
				D8055CAC0355B5DDC92DF479 /* Pods-Flix-FlixUITests.debug.xcconfig */,
				00541F67FDAC5F546B041856 /* Pods-Flix-FlixUITests.release.xcconfig */,
				E13DF307BE0A098440BF6898 /* Pods-FlixTests.debug.xcconfig */,
				DC343C4DEDE5DAA61E2BAF01 /* Pods-FlixTests.release.xcconfig */,
			);
			name = Pods;
			path = Pods;
			sourceTree = "<group>";
		};
		BE14C9F527C0970D0008B5EA = {
			isa = PBXGroup;
			children = (
				BE14CA0027C0970D0008B5EA /* Flix */,
				BE14CA1727C0970E0008B5EA /* FlixTests */,
				BE14CA2127C0970E0008B5EA /* FlixUITests */,
				BE14C9FF27C0970D0008B5EA /* Products */,
				A587D688F1B1D0D0C416FCDB /* Pods */,
				F2E950DBF496CA9B49A8CE68 /* Frameworks */,
			);
			sourceTree = "<group>";
		};
		BE14C9FF27C0970D0008B5EA /* Products */ = {
			isa = PBXGroup;
			children = (
				BE14C9FE27C0970D0008B5EA /* Flix.app */,
				BE14CA1427C0970E0008B5EA /* FlixTests.xctest */,
				BE14CA1E27C0970E0008B5EA /* FlixUITests.xctest */,
			);
			name = Products;
			sourceTree = "<group>";
		};
		BE14CA0027C0970D0008B5EA /* Flix */ = {
			isa = PBXGroup;
			children = (
				BE14CA0127C0970D0008B5EA /* AppDelegate.swift */,
				BE14CA0327C0970D0008B5EA /* SceneDelegate.swift */,
				BE14CA0727C0970D0008B5EA /* Main.storyboard */,
				BE14CA0A27C0970E0008B5EA /* Assets.xcassets */,
				BE14CA0C27C0970E0008B5EA /* LaunchScreen.storyboard */,
				BE14CA0F27C0970E0008B5EA /* Info.plist */,
				BE14CA3327C0989D0008B5EA /* MoviesViewController.swift */,
				BE14CA3527C0A0A00008B5EA /* MovieCell.swift */,
			);
			path = Flix;
			sourceTree = "<group>";
		};
		BE14CA1727C0970E0008B5EA /* FlixTests */ = {
			isa = PBXGroup;
			children = (
				BE14CA1827C0970E0008B5EA /* FlixTests.swift */,
			);
			path = FlixTests;
			sourceTree = "<group>";
		};
		BE14CA2127C0970E0008B5EA /* FlixUITests */ = {
			isa = PBXGroup;
			children = (
				BE14CA2227C0970E0008B5EA /* FlixUITests.swift */,
				BE14CA2427C0970E0008B5EA /* FlixUITestsLaunchTests.swift */,
			);
			path = FlixUITests;
			sourceTree = "<group>";
		};
		F2E950DBF496CA9B49A8CE68 /* Frameworks */ = {
			isa = PBXGroup;
			children = (
				4EB7BD31322D137D21528AA2 /* Pods_Flix.framework */,
				F0C8E2A501FCC91F354B935C /* Pods_Flix_FlixUITests.framework */,
				BCFB50814689AA5168E9EF99 /* Pods_FlixTests.framework */,
			);
			name = Frameworks;
			sourceTree = "<group>";
		};
/* End PBXGroup section */

/* Begin PBXNativeTarget section */
		BE14C9FD27C0970D0008B5EA /* Flix */ = {
			isa = PBXNativeTarget;
			buildConfigurationList = BE14CA2827C0970E0008B5EA /* Build configuration list for PBXNativeTarget "Flix" */;
			buildPhases = (
				B09F3543F473C5C351C81916 /* [CP] Check Pods Manifest.lock */,
				BE14C9FA27C0970D0008B5EA /* Sources */,
				BE14C9FB27C0970D0008B5EA /* Frameworks */,
				BE14C9FC27C0970D0008B5EA /* Resources */,
				4857046FD4EC1F66DF91CAEB /* [CP] Embed Pods Frameworks */,
			);
			buildRules = (
			);
			dependencies = (
			);
			name = Flix;
			packageProductDependencies = (
				BE14CA3827C0A4110008B5EA /* Alamofire */,
			);
			productName = Flix;
			productReference = BE14C9FE27C0970D0008B5EA /* Flix.app */;
			productType = "com.apple.product-type.application";
		};
		BE14CA1327C0970E0008B5EA /* FlixTests */ = {
			isa = PBXNativeTarget;
			buildConfigurationList = BE14CA2B27C0970E0008B5EA /* Build configuration list for PBXNativeTarget "FlixTests" */;
			buildPhases = (
				142630880392C3F57278D465 /* [CP] Check Pods Manifest.lock */,
				BE14CA1027C0970E0008B5EA /* Sources */,
				BE14CA1127C0970E0008B5EA /* Frameworks */,
				BE14CA1227C0970E0008B5EA /* Resources */,
			);
			buildRules = (
			);
			dependencies = (
				BE14CA1627C0970E0008B5EA /* PBXTargetDependency */,
			);
			name = FlixTests;
			productName = FlixTests;
			productReference = BE14CA1427C0970E0008B5EA /* FlixTests.xctest */;
			productType = "com.apple.product-type.bundle.unit-test";
		};
		BE14CA1D27C0970E0008B5EA /* FlixUITests */ = {
			isa = PBXNativeTarget;
			buildConfigurationList = BE14CA2E27C0970E0008B5EA /* Build configuration list for PBXNativeTarget "FlixUITests" */;
			buildPhases = (
				906B27077CAA835F7F194AAC /* [CP] Check Pods Manifest.lock */,
				BE14CA1A27C0970E0008B5EA /* Sources */,
				BE14CA1B27C0970E0008B5EA /* Frameworks */,
				BE14CA1C27C0970E0008B5EA /* Resources */,
				C91548D594379D3C64298228 /* [CP] Embed Pods Frameworks */,
			);
			buildRules = (
			);
			dependencies = (
				BE14CA2027C0970E0008B5EA /* PBXTargetDependency */,
			);
			name = FlixUITests;
			productName = FlixUITests;
			productReference = BE14CA1E27C0970E0008B5EA /* FlixUITests.xctest */;
			productType = "com.apple.product-type.bundle.ui-testing";
		};
/* End PBXNativeTarget section */

/* Begin PBXProject section */
		BE14C9F627C0970D0008B5EA /* Project object */ = {
			isa = PBXProject;
			attributes = {
				BuildIndependentTargetsInParallel = 1;
				LastSwiftUpdateCheck = 1320;
				LastUpgradeCheck = 1320;
				TargetAttributes = {
					BE14C9FD27C0970D0008B5EA = {
						CreatedOnToolsVersion = 13.2.1;
					};
					BE14CA1327C0970E0008B5EA = {
						CreatedOnToolsVersion = 13.2.1;
						TestTargetID = BE14C9FD27C0970D0008B5EA;
					};
					BE14CA1D27C0970E0008B5EA = {
						CreatedOnToolsVersion = 13.2.1;
						TestTargetID = BE14C9FD27C0970D0008B5EA;
					};
				};
			};
			buildConfigurationList = BE14C9F927C0970D0008B5EA /* Build configuration list for PBXProject "Flix" */;
			compatibilityVersion = "Xcode 13.0";
			developmentRegion = en;
			hasScannedForEncodings = 0;
			knownRegions = (
				en,
				Base,
			);
			mainGroup = BE14C9F527C0970D0008B5EA;
			packageReferences = (
				BE14CA3727C0A4110008B5EA /* XCRemoteSwiftPackageReference "Alamofire" */,
			);
			productRefGroup = BE14C9FF27C0970D0008B5EA /* Products */;
			projectDirPath = "";
			projectRoot = "";
			targets = (
				BE14C9FD27C0970D0008B5EA /* Flix */,
				BE14CA1327C0970E0008B5EA /* FlixTests */,
				BE14CA1D27C0970E0008B5EA /* FlixUITests */,
			);
		};
/* End PBXProject section */

/* Begin PBXResourcesBuildPhase section */
		BE14C9FC27C0970D0008B5EA /* Resources */ = {
			isa = PBXResourcesBuildPhase;
			buildActionMask = 2147483647;
			files = (
				BE14CA0E27C0970E0008B5EA /* LaunchScreen.storyboard in Resources */,
				BE14CA0B27C0970E0008B5EA /* Assets.xcassets in Resources */,
				BE14CA0927C0970D0008B5EA /* Main.storyboard in Resources */,
			);
			runOnlyForDeploymentPostprocessing = 0;
		};
		BE14CA1227C0970E0008B5EA /* Resources */ = {
			isa = PBXResourcesBuildPhase;
			buildActionMask = 2147483647;
			files = (
			);
			runOnlyForDeploymentPostprocessing = 0;
		};
		BE14CA1C27C0970E0008B5EA /* Resources */ = {
			isa = PBXResourcesBuildPhase;
			buildActionMask = 2147483647;
			files = (
			);
			runOnlyForDeploymentPostprocessing = 0;
		};
/* End PBXResourcesBuildPhase section */

/* Begin PBXShellScriptBuildPhase section */
		142630880392C3F57278D465 /* [CP] Check Pods Manifest.lock */ = {
			isa = PBXShellScriptBuildPhase;
			buildActionMask = 2147483647;
			files = (
			);
			inputFileListPaths = (
			);
			inputPaths = (
				"${PODS_PODFILE_DIR_PATH}/Podfile.lock",
				"${PODS_ROOT}/Manifest.lock",
			);
			name = "[CP] Check Pods Manifest.lock";
			outputFileListPaths = (
			);
			outputPaths = (
				"$(DERIVED_FILE_DIR)/Pods-FlixTests-checkManifestLockResult.txt",
			);
			runOnlyForDeploymentPostprocessing = 0;
			shellPath = /bin/sh;
			shellScript = "diff \"${PODS_PODFILE_DIR_PATH}/Podfile.lock\" \"${PODS_ROOT}/Manifest.lock\" > /dev/null\nif [ $? != 0 ] ; then\n    # print error to STDERR\n    echo \"error: The sandbox is not in sync with the Podfile.lock. Run 'pod install' or update your CocoaPods installation.\" >&2\n    exit 1\nfi\n# This output is used by Xcode 'outputs' to avoid re-running this script phase.\necho \"SUCCESS\" > \"${SCRIPT_OUTPUT_FILE_0}\"\n";
			showEnvVarsInLog = 0;
		};
		4857046FD4EC1F66DF91CAEB /* [CP] Embed Pods Frameworks */ = {
			isa = PBXShellScriptBuildPhase;
			buildActionMask = 2147483647;
			files = (
			);
			inputFileListPaths = (
				"${PODS_ROOT}/Target Support Files/Pods-Flix/Pods-Flix-frameworks-${CONFIGURATION}-input-files.xcfilelist",
			);
			name = "[CP] Embed Pods Frameworks";
			outputFileListPaths = (
				"${PODS_ROOT}/Target Support Files/Pods-Flix/Pods-Flix-frameworks-${CONFIGURATION}-output-files.xcfilelist",
			);
			runOnlyForDeploymentPostprocessing = 0;
			shellPath = /bin/sh;
			shellScript = "\"${PODS_ROOT}/Target Support Files/Pods-Flix/Pods-Flix-frameworks.sh\"\n";
			showEnvVarsInLog = 0;
		};
		906B27077CAA835F7F194AAC /* [CP] Check Pods Manifest.lock */ = {
			isa = PBXShellScriptBuildPhase;
			buildActionMask = 2147483647;
			files = (
			);
			inputFileListPaths = (
			);
			inputPaths = (
				"${PODS_PODFILE_DIR_PATH}/Podfile.lock",
				"${PODS_ROOT}/Manifest.lock",
			);
			name = "[CP] Check Pods Manifest.lock";
			outputFileListPaths = (
			);
			outputPaths = (
				"$(DERIVED_FILE_DIR)/Pods-Flix-FlixUITests-checkManifestLockResult.txt",
			);
			runOnlyForDeploymentPostprocessing = 0;
			shellPath = /bin/sh;
			shellScript = "diff \"${PODS_PODFILE_DIR_PATH}/Podfile.lock\" \"${PODS_ROOT}/Manifest.lock\" > /dev/null\nif [ $? != 0 ] ; then\n    # print error to STDERR\n    echo \"error: The sandbox is not in sync with the Podfile.lock. Run 'pod install' or update your CocoaPods installation.\" >&2\n    exit 1\nfi\n# This output is used by Xcode 'outputs' to avoid re-running this script phase.\necho \"SUCCESS\" > \"${SCRIPT_OUTPUT_FILE_0}\"\n";
			showEnvVarsInLog = 0;
		};
		B09F3543F473C5C351C81916 /* [CP] Check Pods Manifest.lock */ = {
			isa = PBXShellScriptBuildPhase;
			buildActionMask = 2147483647;
			files = (
			);
			inputFileListPaths = (
			);
			inputPaths = (
				"${PODS_PODFILE_DIR_PATH}/Podfile.lock",
				"${PODS_ROOT}/Manifest.lock",
			);
			name = "[CP] Check Pods Manifest.lock";
			outputFileListPaths = (
			);
			outputPaths = (
				"$(DERIVED_FILE_DIR)/Pods-Flix-checkManifestLockResult.txt",
			);
			runOnlyForDeploymentPostprocessing = 0;
			shellPath = /bin/sh;
			shellScript = "diff \"${PODS_PODFILE_DIR_PATH}/Podfile.lock\" \"${PODS_ROOT}/Manifest.lock\" > /dev/null\nif [ $? != 0 ] ; then\n    # print error to STDERR\n    echo \"error: The sandbox is not in sync with the Podfile.lock. Run 'pod install' or update your CocoaPods installation.\" >&2\n    exit 1\nfi\n# This output is used by Xcode 'outputs' to avoid re-running this script phase.\necho \"SUCCESS\" > \"${SCRIPT_OUTPUT_FILE_0}\"\n";
			showEnvVarsInLog = 0;
		};
		C91548D594379D3C64298228 /* [CP] Embed Pods Frameworks */ = {
			isa = PBXShellScriptBuildPhase;
			buildActionMask = 2147483647;
			files = (
			);
			inputFileListPaths = (
				"${PODS_ROOT}/Target Support Files/Pods-Flix-FlixUITests/Pods-Flix-FlixUITests-frameworks-${CONFIGURATION}-input-files.xcfilelist",
			);
			name = "[CP] Embed Pods Frameworks";
			outputFileListPaths = (
				"${PODS_ROOT}/Target Support Files/Pods-Flix-FlixUITests/Pods-Flix-FlixUITests-frameworks-${CONFIGURATION}-output-files.xcfilelist",
			);
			runOnlyForDeploymentPostprocessing = 0;
			shellPath = /bin/sh;
			shellScript = "\"${PODS_ROOT}/Target Support Files/Pods-Flix-FlixUITests/Pods-Flix-FlixUITests-frameworks.sh\"\n";
			showEnvVarsInLog = 0;
		};
/* End PBXShellScriptBuildPhase section */

/* Begin PBXSourcesBuildPhase section */
		BE14C9FA27C0970D0008B5EA /* Sources */ = {
			isa = PBXSourcesBuildPhase;
			buildActionMask = 2147483647;
			files = (
				BE14CA0227C0970D0008B5EA /* AppDelegate.swift in Sources */,
				BE14CA0427C0970D0008B5EA /* SceneDelegate.swift in Sources */,
				BE14CA3627C0A0A00008B5EA /* MovieCell.swift in Sources */,
				BE14CA3427C0989D0008B5EA /* MoviesViewController.swift in Sources */,
			);
			runOnlyForDeploymentPostprocessing = 0;
		};
		BE14CA1027C0970E0008B5EA /* Sources */ = {
			isa = PBXSourcesBuildPhase;
			buildActionMask = 2147483647;
			files = (
				BE14CA1927C0970E0008B5EA /* FlixTests.swift in Sources */,
			);
			runOnlyForDeploymentPostprocessing = 0;
		};
		BE14CA1A27C0970E0008B5EA /* Sources */ = {
			isa = PBXSourcesBuildPhase;
			buildActionMask = 2147483647;
			files = (
				BE14CA2327C0970E0008B5EA /* FlixUITests.swift in Sources */,
				BE14CA2527C0970E0008B5EA /* FlixUITestsLaunchTests.swift in Sources */,
			);
			runOnlyForDeploymentPostprocessing = 0;
		};
/* End PBXSourcesBuildPhase section */

/* Begin PBXTargetDependency section */
		BE14CA1627C0970E0008B5EA /* PBXTargetDependency */ = {
			isa = PBXTargetDependency;
			target = BE14C9FD27C0970D0008B5EA /* Flix */;
			targetProxy = BE14CA1527C0970E0008B5EA /* PBXContainerItemProxy */;
		};
		BE14CA2027C0970E0008B5EA /* PBXTargetDependency */ = {
			isa = PBXTargetDependency;
			target = BE14C9FD27C0970D0008B5EA /* Flix */;
			targetProxy = BE14CA1F27C0970E0008B5EA /* PBXContainerItemProxy */;
		};
/* End PBXTargetDependency section */

/* Begin PBXVariantGroup section */
		BE14CA0727C0970D0008B5EA /* Main.storyboard */ = {
			isa = PBXVariantGroup;
			children = (
				BE14CA0827C0970D0008B5EA /* Base */,
			);
			name = Main.storyboard;
			sourceTree = "<group>";
		};
		BE14CA0C27C0970E0008B5EA /* LaunchScreen.storyboard */ = {
			isa = PBXVariantGroup;
			children = (
				BE14CA0D27C0970E0008B5EA /* Base */,
			);
			name = LaunchScreen.storyboard;
			sourceTree = "<group>";
		};
/* End PBXVariantGroup section */

/* Begin XCBuildConfiguration section */
		BE14CA2627C0970E0008B5EA /* Debug */ = {
			isa = XCBuildConfiguration;
			buildSettings = {
				ALWAYS_SEARCH_USER_PATHS = NO;
				CLANG_ANALYZER_NONNULL = YES;
				CLANG_ANALYZER_NUMBER_OBJECT_CONVERSION = YES_AGGRESSIVE;
				CLANG_CXX_LANGUAGE_STANDARD = "gnu++17";
				CLANG_CXX_LIBRARY = "libc++";
				CLANG_ENABLE_MODULES = YES;
				CLANG_ENABLE_OBJC_ARC = YES;
				CLANG_ENABLE_OBJC_WEAK = YES;
				CLANG_WARN_BLOCK_CAPTURE_AUTORELEASING = YES;
				CLANG_WARN_BOOL_CONVERSION = YES;
				CLANG_WARN_COMMA = YES;
				CLANG_WARN_CONSTANT_CONVERSION = YES;
				CLANG_WARN_DEPRECATED_OBJC_IMPLEMENTATIONS = YES;
				CLANG_WARN_DIRECT_OBJC_ISA_USAGE = YES_ERROR;
				CLANG_WARN_DOCUMENTATION_COMMENTS = YES;
				CLANG_WARN_EMPTY_BODY = YES;
				CLANG_WARN_ENUM_CONVERSION = YES;
				CLANG_WARN_INFINITE_RECURSION = YES;
				CLANG_WARN_INT_CONVERSION = YES;
				CLANG_WARN_NON_LITERAL_NULL_CONVERSION = YES;
				CLANG_WARN_OBJC_IMPLICIT_RETAIN_SELF = YES;
				CLANG_WARN_OBJC_LITERAL_CONVERSION = YES;
				CLANG_WARN_OBJC_ROOT_CLASS = YES_ERROR;
				CLANG_WARN_QUOTED_INCLUDE_IN_FRAMEWORK_HEADER = YES;
				CLANG_WARN_RANGE_LOOP_ANALYSIS = YES;
				CLANG_WARN_STRICT_PROTOTYPES = YES;
				CLANG_WARN_SUSPICIOUS_MOVE = YES;
				CLANG_WARN_UNGUARDED_AVAILABILITY = YES_AGGRESSIVE;
				CLANG_WARN_UNREACHABLE_CODE = YES;
				CLANG_WARN__DUPLICATE_METHOD_MATCH = YES;
				COPY_PHASE_STRIP = NO;
				DEBUG_INFORMATION_FORMAT = dwarf;
				ENABLE_STRICT_OBJC_MSGSEND = YES;
				ENABLE_TESTABILITY = YES;
				GCC_C_LANGUAGE_STANDARD = gnu11;
				GCC_DYNAMIC_NO_PIC = NO;
				GCC_NO_COMMON_BLOCKS = YES;
				GCC_OPTIMIZATION_LEVEL = 0;
				GCC_PREPROCESSOR_DEFINITIONS = (
					"DEBUG=1",
					"$(inherited)",
				);
				GCC_WARN_64_TO_32_BIT_CONVERSION = YES;
				GCC_WARN_ABOUT_RETURN_TYPE = YES_ERROR;
				GCC_WARN_UNDECLARED_SELECTOR = YES;
				GCC_WARN_UNINITIALIZED_AUTOS = YES_AGGRESSIVE;
				GCC_WARN_UNUSED_FUNCTION = YES;
				GCC_WARN_UNUSED_VARIABLE = YES;
				IPHONEOS_DEPLOYMENT_TARGET = 15.2;
				MTL_ENABLE_DEBUG_INFO = INCLUDE_SOURCE;
				MTL_FAST_MATH = YES;
				ONLY_ACTIVE_ARCH = YES;
				SDKROOT = iphoneos;
				SWIFT_ACTIVE_COMPILATION_CONDITIONS = DEBUG;
				SWIFT_OPTIMIZATION_LEVEL = "-Onone";
			};
			name = Debug;
		};
		BE14CA2727C0970E0008B5EA /* Release */ = {
			isa = XCBuildConfiguration;
			buildSettings = {
				ALWAYS_SEARCH_USER_PATHS = NO;
				CLANG_ANALYZER_NONNULL = YES;
				CLANG_ANALYZER_NUMBER_OBJECT_CONVERSION = YES_AGGRESSIVE;
				CLANG_CXX_LANGUAGE_STANDARD = "gnu++17";
				CLANG_CXX_LIBRARY = "libc++";
				CLANG_ENABLE_MODULES = YES;
				CLANG_ENABLE_OBJC_ARC = YES;
				CLANG_ENABLE_OBJC_WEAK = YES;
				CLANG_WARN_BLOCK_CAPTURE_AUTORELEASING = YES;
				CLANG_WARN_BOOL_CONVERSION = YES;
				CLANG_WARN_COMMA = YES;
				CLANG_WARN_CONSTANT_CONVERSION = YES;
				CLANG_WARN_DEPRECATED_OBJC_IMPLEMENTATIONS = YES;
				CLANG_WARN_DIRECT_OBJC_ISA_USAGE = YES_ERROR;
				CLANG_WARN_DOCUMENTATION_COMMENTS = YES;
				CLANG_WARN_EMPTY_BODY = YES;
				CLANG_WARN_ENUM_CONVERSION = YES;
				CLANG_WARN_INFINITE_RECURSION = YES;
				CLANG_WARN_INT_CONVERSION = YES;
				CLANG_WARN_NON_LITERAL_NULL_CONVERSION = YES;
				CLANG_WARN_OBJC_IMPLICIT_RETAIN_SELF = YES;
				CLANG_WARN_OBJC_LITERAL_CONVERSION = YES;
				CLANG_WARN_OBJC_ROOT_CLASS = YES_ERROR;
				CLANG_WARN_QUOTED_INCLUDE_IN_FRAMEWORK_HEADER = YES;
				CLANG_WARN_RANGE_LOOP_ANALYSIS = YES;
				CLANG_WARN_STRICT_PROTOTYPES = YES;
				CLANG_WARN_SUSPICIOUS_MOVE = YES;
				CLANG_WARN_UNGUARDED_AVAILABILITY = YES_AGGRESSIVE;
				CLANG_WARN_UNREACHABLE_CODE = YES;
				CLANG_WARN__DUPLICATE_METHOD_MATCH = YES;
				COPY_PHASE_STRIP = NO;
				DEBUG_INFORMATION_FORMAT = "dwarf-with-dsym";
				ENABLE_NS_ASSERTIONS = NO;
				ENABLE_STRICT_OBJC_MSGSEND = YES;
				GCC_C_LANGUAGE_STANDARD = gnu11;
				GCC_NO_COMMON_BLOCKS = YES;
				GCC_WARN_64_TO_32_BIT_CONVERSION = YES;
				GCC_WARN_ABOUT_RETURN_TYPE = YES_ERROR;
				GCC_WARN_UNDECLARED_SELECTOR = YES;
				GCC_WARN_UNINITIALIZED_AUTOS = YES_AGGRESSIVE;
				GCC_WARN_UNUSED_FUNCTION = YES;
				GCC_WARN_UNUSED_VARIABLE = YES;
				IPHONEOS_DEPLOYMENT_TARGET = 15.2;
				MTL_ENABLE_DEBUG_INFO = NO;
				MTL_FAST_MATH = YES;
				SDKROOT = iphoneos;
				SWIFT_COMPILATION_MODE = wholemodule;
				SWIFT_OPTIMIZATION_LEVEL = "-O";
				VALIDATE_PRODUCT = YES;
			};
			name = Release;
		};
		BE14CA2927C0970E0008B5EA /* Debug */ = {
			isa = XCBuildConfiguration;
			baseConfigurationReference = 727BEBB519AB6DA06E8E83DC /* Pods-Flix.debug.xcconfig */;
			buildSettings = {
				ASSETCATALOG_COMPILER_APPICON_NAME = AppIcon;
				ASSETCATALOG_COMPILER_GLOBAL_ACCENT_COLOR_NAME = AccentColor;
				CODE_SIGN_STYLE = Automatic;
				CURRENT_PROJECT_VERSION = 1;
				DEVELOPMENT_TEAM = JCXAS2A563;
				GENERATE_INFOPLIST_FILE = YES;
				INFOPLIST_FILE = Flix/Info.plist;
				INFOPLIST_KEY_UIApplicationSupportsIndirectInputEvents = YES;
				INFOPLIST_KEY_UILaunchStoryboardName = LaunchScreen;
				INFOPLIST_KEY_UIMainStoryboardFile = Main;
				INFOPLIST_KEY_UISupportedInterfaceOrientations_iPad = "UIInterfaceOrientationPortrait UIInterfaceOrientationPortraitUpsideDown UIInterfaceOrientationLandscapeLeft UIInterfaceOrientationLandscapeRight";
				INFOPLIST_KEY_UISupportedInterfaceOrientations_iPhone = "UIInterfaceOrientationPortrait UIInterfaceOrientationLandscapeLeft UIInterfaceOrientationLandscapeRight";
				LD_RUNPATH_SEARCH_PATHS = (
					"$(inherited)",
					"@executable_path/Frameworks",
				);
				MARKETING_VERSION = 1.0;
				PRODUCT_BUNDLE_IDENTIFIER = rajat10cube.com.Flix;
				PRODUCT_NAME = "$(TARGET_NAME)";
				SWIFT_EMIT_LOC_STRINGS = YES;
				SWIFT_VERSION = 5.0;
				TARGETED_DEVICE_FAMILY = "1,2";
			};
			name = Debug;
		};
		BE14CA2A27C0970E0008B5EA /* Release */ = {
			isa = XCBuildConfiguration;
			baseConfigurationReference = D4E75B2AFA59D5987ACEB4D8 /* Pods-Flix.release.xcconfig */;
			buildSettings = {
				ASSETCATALOG_COMPILER_APPICON_NAME = AppIcon;
				ASSETCATALOG_COMPILER_GLOBAL_ACCENT_COLOR_NAME = AccentColor;
				CODE_SIGN_STYLE = Automatic;
				CURRENT_PROJECT_VERSION = 1;
				DEVELOPMENT_TEAM = JCXAS2A563;
				GENERATE_INFOPLIST_FILE = YES;
				INFOPLIST_FILE = Flix/Info.plist;
				INFOPLIST_KEY_UIApplicationSupportsIndirectInputEvents = YES;
				INFOPLIST_KEY_UILaunchStoryboardName = LaunchScreen;
				INFOPLIST_KEY_UIMainStoryboardFile = Main;
				INFOPLIST_KEY_UISupportedInterfaceOrientations_iPad = "UIInterfaceOrientationPortrait UIInterfaceOrientationPortraitUpsideDown UIInterfaceOrientationLandscapeLeft UIInterfaceOrientationLandscapeRight";
				INFOPLIST_KEY_UISupportedInterfaceOrientations_iPhone = "UIInterfaceOrientationPortrait UIInterfaceOrientationLandscapeLeft UIInterfaceOrientationLandscapeRight";
				LD_RUNPATH_SEARCH_PATHS = (
					"$(inherited)",
					"@executable_path/Frameworks",
				);
				MARKETING_VERSION = 1.0;
				PRODUCT_BUNDLE_IDENTIFIER = rajat10cube.com.Flix;
				PRODUCT_NAME = "$(TARGET_NAME)";
				SWIFT_EMIT_LOC_STRINGS = YES;
				SWIFT_VERSION = 5.0;
				TARGETED_DEVICE_FAMILY = "1,2";
			};
			name = Release;
		};
		BE14CA2C27C0970E0008B5EA /* Debug */ = {
			isa = XCBuildConfiguration;
			baseConfigurationReference = E13DF307BE0A098440BF6898 /* Pods-FlixTests.debug.xcconfig */;
			buildSettings = {
				ALWAYS_EMBED_SWIFT_STANDARD_LIBRARIES = YES;
				BUNDLE_LOADER = "$(TEST_HOST)";
				CODE_SIGN_STYLE = Automatic;
				CURRENT_PROJECT_VERSION = 1;
				DEVELOPMENT_TEAM = JCXAS2A563;
				GENERATE_INFOPLIST_FILE = YES;
				IPHONEOS_DEPLOYMENT_TARGET = 15.2;
				MARKETING_VERSION = 1.0;
				PRODUCT_BUNDLE_IDENTIFIER = rajat10cube.com.FlixTests;
				PRODUCT_NAME = "$(TARGET_NAME)";
				SWIFT_EMIT_LOC_STRINGS = NO;
				SWIFT_VERSION = 5.0;
				TARGETED_DEVICE_FAMILY = "1,2";
				TEST_HOST = "$(BUILT_PRODUCTS_DIR)/Flix.app/Flix";
			};
			name = Debug;
		};
		BE14CA2D27C0970E0008B5EA /* Release */ = {
			isa = XCBuildConfiguration;
			baseConfigurationReference = DC343C4DEDE5DAA61E2BAF01 /* Pods-FlixTests.release.xcconfig */;
			buildSettings = {
				ALWAYS_EMBED_SWIFT_STANDARD_LIBRARIES = YES;
				BUNDLE_LOADER = "$(TEST_HOST)";
				CODE_SIGN_STYLE = Automatic;
				CURRENT_PROJECT_VERSION = 1;
				DEVELOPMENT_TEAM = JCXAS2A563;
				GENERATE_INFOPLIST_FILE = YES;
				IPHONEOS_DEPLOYMENT_TARGET = 15.2;
				MARKETING_VERSION = 1.0;
				PRODUCT_BUNDLE_IDENTIFIER = rajat10cube.com.FlixTests;
				PRODUCT_NAME = "$(TARGET_NAME)";
				SWIFT_EMIT_LOC_STRINGS = NO;
				SWIFT_VERSION = 5.0;
				TARGETED_DEVICE_FAMILY = "1,2";
				TEST_HOST = "$(BUILT_PRODUCTS_DIR)/Flix.app/Flix";
			};
			name = Release;
		};
		BE14CA2F27C0970E0008B5EA /* Debug */ = {
			isa = XCBuildConfiguration;
			baseConfigurationReference = D8055CAC0355B5DDC92DF479 /* Pods-Flix-FlixUITests.debug.xcconfig */;
			buildSettings = {
				ALWAYS_EMBED_SWIFT_STANDARD_LIBRARIES = YES;
				CODE_SIGN_STYLE = Automatic;
				CURRENT_PROJECT_VERSION = 1;
				DEVELOPMENT_TEAM = JCXAS2A563;
				GENERATE_INFOPLIST_FILE = YES;
				MARKETING_VERSION = 1.0;
				PRODUCT_BUNDLE_IDENTIFIER = rajat10cube.com.FlixUITests;
				PRODUCT_NAME = "$(TARGET_NAME)";
				SWIFT_EMIT_LOC_STRINGS = NO;
				SWIFT_VERSION = 5.0;
				TARGETED_DEVICE_FAMILY = "1,2";
				TEST_TARGET_NAME = Flix;
			};
			name = Debug;
		};
		BE14CA3027C0970E0008B5EA /* Release */ = {
			isa = XCBuildConfiguration;
			baseConfigurationReference = 00541F67FDAC5F546B041856 /* Pods-Flix-FlixUITests.release.xcconfig */;
			buildSettings = {
				ALWAYS_EMBED_SWIFT_STANDARD_LIBRARIES = YES;
				CODE_SIGN_STYLE = Automatic;
				CURRENT_PROJECT_VERSION = 1;
				DEVELOPMENT_TEAM = JCXAS2A563;
				GENERATE_INFOPLIST_FILE = YES;
				MARKETING_VERSION = 1.0;
				PRODUCT_BUNDLE_IDENTIFIER = rajat10cube.com.FlixUITests;
				PRODUCT_NAME = "$(TARGET_NAME)";
				SWIFT_EMIT_LOC_STRINGS = NO;
				SWIFT_VERSION = 5.0;
				TARGETED_DEVICE_FAMILY = "1,2";
				TEST_TARGET_NAME = Flix;
			};
			name = Release;
		};
/* End XCBuildConfiguration section */

/* Begin XCConfigurationList section */
		BE14C9F927C0970D0008B5EA /* Build configuration list for PBXProject "Flix" */ = {
			isa = XCConfigurationList;
			buildConfigurations = (
				BE14CA2627C0970E0008B5EA /* Debug */,
				BE14CA2727C0970E0008B5EA /* Release */,
			);
			defaultConfigurationIsVisible = 0;
			defaultConfigurationName = Release;
		};
		BE14CA2827C0970E0008B5EA /* Build configuration list for PBXNativeTarget "Flix" */ = {
			isa = XCConfigurationList;
			buildConfigurations = (
				BE14CA2927C0970E0008B5EA /* Debug */,
				BE14CA2A27C0970E0008B5EA /* Release */,
			);
			defaultConfigurationIsVisible = 0;
			defaultConfigurationName = Release;
		};
		BE14CA2B27C0970E0008B5EA /* Build configuration list for PBXNativeTarget "FlixTests" */ = {
			isa = XCConfigurationList;
			buildConfigurations = (
				BE14CA2C27C0970E0008B5EA /* Debug */,
				BE14CA2D27C0970E0008B5EA /* Release */,
			);
			defaultConfigurationIsVisible = 0;
			defaultConfigurationName = Release;
		};
		BE14CA2E27C0970E0008B5EA /* Build configuration list for PBXNativeTarget "FlixUITests" */ = {
			isa = XCConfigurationList;
			buildConfigurations = (
				BE14CA2F27C0970E0008B5EA /* Debug */,
				BE14CA3027C0970E0008B5EA /* Release */,
			);
			defaultConfigurationIsVisible = 0;
			defaultConfigurationName = Release;
		};
/* End XCConfigurationList section */

/* Begin XCRemoteSwiftPackageReference section */
		BE14CA3727C0A4110008B5EA /* XCRemoteSwiftPackageReference "Alamofire" */ = {
			isa = XCRemoteSwiftPackageReference;
			repositoryURL = "https://github.com/Alamofire/Alamofire";
			requirement = {
				kind = upToNextMajorVersion;
				minimumVersion = 5.0.0;
			};
		};
/* End XCRemoteSwiftPackageReference section */

/* Begin XCSwiftPackageProductDependency section */
		BE14CA3827C0A4110008B5EA /* Alamofire */ = {
			isa = XCSwiftPackageProductDependency;
			package = BE14CA3727C0A4110008B5EA /* XCRemoteSwiftPackageReference "Alamofire" */;
			productName = Alamofire;
		};
/* End XCSwiftPackageProductDependency section */
	};
	rootObject = BE14C9F627C0970D0008B5EA /* Project object */;
}
